Microsoft Visual Studio Solution File, Format Version 12.00
# Visual Studio 2012
Project("{FAE04EC0-301F-11D3-BF4B-00C04F79EFBC}") = "Action RPG", "Action RPG.csproj", "{294E6228-E4A0-4079-BB3F-C661D8FD5AEB}"
EndProject
Global
	GlobalSection(SolutionConfigurationPlatforms) = preSolution
	Debug|Any CPU = Debug|Any CPU
	ExportDebug|Any CPU = ExportDebug|Any CPU
	ExportRelease|Any CPU = ExportRelease|Any CPU
	EndGlobalSection
	GlobalSection(ProjectConfigurationPlatforms) = postSolution
		{294E6228-E4A0-4079-BB3F-C661D8FD5AEB}.Debug|Any CPU.ActiveCfg = Debug|Any CPU
		{294E6228-E4A0-4079-BB3F-C661D8FD5AEB}.Debug|Any CPU.Build.0 = Debug|Any CPU
		{294E6228-E4A0-4079-BB3F-C661D8FD5AEB}.ExportDebug|Any CPU.ActiveCfg = ExportDebug|Any CPU
		{294E6228-E4A0-4079-BB3F-C661D8FD5AEB}.ExportDebug|Any CPU.Build.0 = ExportDebug|Any CPU
		{294E6228-E4A0-4079-BB3F-C661D8FD5AEB}.ExportRelease|Any CPU.ActiveCfg = ExportRelease|Any CPU
		{294E6228-E4A0-4079-BB3F-C661D8FD5AEB}.ExportRelease|Any CPU.Build.0 = ExportRelease|Any CPU
	EndGlobalSection
EndGlobal
